
Microsoft Visual Studio Solution File, Format Version 12.00
# Visual Studio Version 16
VisualStudioVersion = 16.0.30709.132
MinimumVisualStudioVersion = 10.0.40219.1
Project("{2150E333-8FDC-42A3-9474-1A3956D46DE8}") = "framework", "framework", "{EBA5FE5E-223C-408C-BE0F-4218519431F5}"
EndProject
Project("{9A19103F-16F7-4668-BE54-9A1E7A4F7556}") = "MiCake.Tenant", "src\framework\MiCake.Tenant\MiCake.Tenant\MiCake.Tenant.csproj", "{4C6D7F50-5428-43E4-A29A-5D8374A99121}"
EndProject
Project("{2150E333-8FDC-42A3-9474-1A3956D46DE8}") = "Solution Items", "Solution Items", "{3844EE65-82A1-4404-B667-67D806CBB308}"
	ProjectSection(SolutionItems) = preProject
		Directory.Build.props = Directory.Build.props
	EndProjectSection
EndProject
Project("{2150E333-8FDC-42A3-9474-1A3956D46DE8}") = "tests", "tests", "{1AF221F8-42C5-42AF-8D52-6CF91BAC5187}"
EndProject
Global
	GlobalSection(SolutionConfigurationPlatforms) = preSolution
		Debug|Any CPU = Debug|Any CPU
		Release|Any CPU = Release|Any CPU
	EndGlobalSection
	GlobalSection(ProjectConfigurationPlatforms) = postSolution
		{4C6D7F50-5428-43E4-A29A-5D8374A99121}.Debug|Any CPU.ActiveCfg = Debug|Any CPU
		{4C6D7F50-5428-43E4-A29A-5D8374A99121}.Debug|Any CPU.Build.0 = Debug|Any CPU
		{4C6D7F50-5428-43E4-A29A-5D8374A99121}.Release|Any CPU.ActiveCfg = Release|Any CPU
		{4C6D7F50-5428-43E4-A29A-5D8374A99121}.Release|Any CPU.Build.0 = Release|Any CPU
	EndGlobalSection
	GlobalSection(SolutionProperties) = preSolution
		HideSolutionNode = FALSE
	EndGlobalSection
	GlobalSection(NestedProjects) = preSolution
		{4C6D7F50-5428-43E4-A29A-5D8374A99121} = {EBA5FE5E-223C-408C-BE0F-4218519431F5}
	EndGlobalSection
	GlobalSection(ExtensibilityGlobals) = postSolution
		SolutionGuid = {01EA37A9-78C5-4898-A7F5-67313252D274}
	EndGlobalSection
EndGlobal
